
Microsoft Visual Studio Solution File, Format Version 12.00
# Visual Studio Version 16
VisualStudioVersion = 16.0.32002.261
MinimumVisualStudioVersion = 10.0.40219.1
Project("{FAE04EC0-301F-11D3-BF4B-00C04F79EFBC}") = "Rail_Record_System", "Rail_Record_System\Rail_Record_System.csproj", "{A03A6D77-9BAE-410C-9C1F-0B4428EA48E1}"
EndProject
Global
	GlobalSection(SolutionConfigurationPlatforms) = preSolution
		Debug|Any CPU = Debug|Any CPU
		G2A214佐々木菜海_GP演習|Any CPU = G2A214佐々木菜海_GP演習|Any CPU
		Release|Any CPU = Release|Any CPU
	EndGlobalSection
	GlobalSection(ProjectConfigurationPlatforms) = postSolution
		{A03A6D77-9BAE-410C-9C1F-0B4428EA48E1}.Debug|Any CPU.ActiveCfg = Debug|Any CPU
		{A03A6D77-9BAE-410C-9C1F-0B4428EA48E1}.Debug|Any CPU.Build.0 = Debug|Any CPU
		{A03A6D77-9BAE-410C-9C1F-0B4428EA48E1}.G2A214佐々木菜海_GP演習|Any CPU.ActiveCfg = Debug|Any CPU
		{A03A6D77-9BAE-410C-9C1F-0B4428EA48E1}.G2A214佐々木菜海_GP演習|Any CPU.Build.0 = Debug|Any CPU
		{A03A6D77-9BAE-410C-9C1F-0B4428EA48E1}.Release|Any CPU.ActiveCfg = Release|Any CPU
		{A03A6D77-9BAE-410C-9C1F-0B4428EA48E1}.Release|Any CPU.Build.0 = Release|Any CPU
	EndGlobalSection
	GlobalSection(SolutionProperties) = preSolution
		HideSolutionNode = FALSE
	EndGlobalSection
	GlobalSection(ExtensibilityGlobals) = postSolution
		SolutionGuid = {530A0E90-F5D0-4580-A219-30B5E770A879}
	EndGlobalSection
EndGlobal
